
Microsoft Visual Studio Solution File, Format Version 12.00
# Visual Studio Version 16
VisualStudioVersion = 16.0.31025.194
MinimumVisualStudioVersion = 10.0.40219.1
Project("{FAE04EC0-301F-11D3-BF4B-00C04F79EFBC}") = "TestApp", "TestApp.csproj", "{19AD7309-E8D8-4A35-808E-7ED40DB27EE7}"
EndProject
Global
	GlobalSection(SolutionConfigurationPlatforms) = preSolution
		Debug|Any CPU = Debug|Any CPU
		Release|Any CPU = Release|Any CPU
	EndGlobalSection
	GlobalSection(ProjectConfigurationPlatforms) = postSolution
		{19AD7309-E8D8-4A35-808E-7ED40DB27EE7}.Debug|Any CPU.ActiveCfg = Debug|Any CPU
		{19AD7309-E8D8-4A35-808E-7ED40DB27EE7}.Debug|Any CPU.Build.0 = Debug|Any CPU
		{19AD7309-E8D8-4A35-808E-7ED40DB27EE7}.Release|Any CPU.ActiveCfg = Release|Any CPU
		{19AD7309-E8D8-4A35-808E-7ED40DB27EE7}.Release|Any CPU.Build.0 = Release|Any CPU
	EndGlobalSection
	GlobalSection(SolutionProperties) = preSolution
		HideSolutionNode = FALSE
	EndGlobalSection
	GlobalSection(ExtensibilityGlobals) = postSolution
		SolutionGuid = {70AFC833-9D13-4BB9-A9D2-C104BBA6746E}
	EndGlobalSection
EndGlobal
